{
  "name": "@hypertype/app",
  "version": "2.0.11",
  "lockfileVersion": 1,
  "requires": true,
  "dependencies": {
    "@hypertype/core": {
      "version": "2.0.19",
      "resolved": "https://registry.npmjs.org/@hypertype/core/-/core-2.0.19.tgz",
      "integrity": "sha512-ZNieVuT+fv1cdEgC8cW/wKugle6iI6bvnzbY2HP4H7+4eoN0ziZrTHWVtOJsBpEN4iIeFJJJlxdEXukHfO7/cQ==",
      "dev": true,
      "requires": {
        "luxon": "^1.12.1",
        "reflect-metadata": "^0.1.13",
        "rxjs": "^6.5.2"
      },
      "dependencies": {
        "rxjs": {
          "version": "6.5.2",
          "bundled": true,
          "dev": true,
          "requires": {
            "tslib": "^1.9.0"
          }
        },
        "tslib": {
          "version": "1.9.3",
          "bundled": true,
          "dev": true
        }
      }
    },
    "@hypertype/infr": {
      "version": "2.0.5",
      "resolved": "https://registry.npmjs.org/@hypertype/infr/-/infr-2.0.5.tgz",
      "integrity": "sha512-KqOhAkcn46uIWcADrExS7PFGuAwjW50wRhr79RyORQCVsGV/r/EPYn/l+DdJscmJhu8zvHM3ewcrALNikGa3Aw==",
      "dev": true
    },
    "@hypertype/ui": {
      "version": "2.0.4",
      "resolved": "https://registry.npmjs.org/@hypertype/ui/-/ui-2.0.4.tgz",
      "integrity": "sha512-VFwqxwa7UsmUtAhUs6habKwSAdS4r17HwT5FUd/AAfSKVNl0/CuHFXqH5bPlRobRTYSs9l8UHy8bOuVBMHE/XA==",
      "dev": true,
      "requires": {
        "@hypertype/core": "^2.0.0",
        "hyperhtml-element": "^3.10.0"
      }
    },
    "@types/node": {
      "version": "10.14.4",
      "resolved": "https://registry.npmjs.org/@types/node/-/node-10.14.4.tgz",
      "integrity": "sha512-DT25xX/YgyPKiHFOpNuANIQIVvYEwCWXgK2jYYwqgaMrYE6+tq+DtmMwlD3drl6DJbUwtlIDnn0d7tIn/EbXBg==",
      "dev": true
    },
    "@ungap/create-content": {
      "version": "0.1.4",
      "resolved": "https://registry.npmjs.org/@ungap/create-content/-/create-content-0.1.4.tgz",
      "integrity": "sha512-YM6YQkF5wUxJlw5yDzEAzJfPK/kXR/GxIARx4NNJCInfx/nirHmy3ujPjfi7CaXjcVCwyfpv3vKQm6h762lbRA==",
      "dev": true
    },
    "@ungap/custom-event": {
      "version": "0.2.0",
      "resolved": "https://registry.npmjs.org/@ungap/custom-event/-/custom-event-0.2.0.tgz",
      "integrity": "sha512-jovJx+4IaAL8JAzepJXDBVlS9t9mR3vKbbjcHwHCF+sN0KKCYQ2pNVAlQYiRrPqeNBl5VXU7uUDOKBg9ODB+0Q==",
      "dev": true
    },
    "@ungap/essential-map": {
      "version": "0.2.0",
      "resolved": "https://registry.npmjs.org/@ungap/essential-map/-/essential-map-0.2.0.tgz",
      "integrity": "sha512-PM7rUPhH2IAeDZXGjMi1KwNVW/4b/wxfzlPkZSXacHA5A98n+PdCou+HD2EaeXlO8pY5Tp81Ysg+J2xB7J/mjw==",
      "dev": true
    },
    "@ungap/essential-weakset": {
      "version": "0.1.2",
      "resolved": "https://registry.npmjs.org/@ungap/essential-weakset/-/essential-weakset-0.1.2.tgz",
      "integrity": "sha512-Z7CBb/xr5V6wvdkdxKkDN0iUDz+EFfXW+O715VoWaDm1UiP+drx4U6S6aFhqYpKt0vTfbWHqrjdWj44B8q4A3A==",
      "dev": true
    },
    "@ungap/import-node": {
      "version": "0.1.0",
      "resolved": "https://registry.npmjs.org/@ungap/import-node/-/import-node-0.1.0.tgz",
      "integrity": "sha512-FymNeJTWYNrZcnj7HFJwdaAZWrD1bUv8Na60RGIA142qtaRcOZs0KHGh+QSy7u7GNpW6wGnw9EdCQx4IYPE8cg==",
      "dev": true
    },
    "@ungap/is-array": {
      "version": "0.1.1",
      "resolved": "https://registry.npmjs.org/@ungap/is-array/-/is-array-0.1.1.tgz",
      "integrity": "sha512-867tkp7LhJsOS3iULhhCluRV69bwyRQgBEwZSkm6VnZs8LFVD6VWFugiWc7Zgxwx4Psbrrou15u57n8YNIbKAQ==",
      "dev": true
    },
    "@ungap/template-literal": {
      "version": "0.4.0",
      "resolved": "https://registry.npmjs.org/@ungap/template-literal/-/template-literal-0.4.0.tgz",
      "integrity": "sha512-EjYB6WjrUJWUUQfhf+VYKJKBahVvWkJRyf6nC7CUkmbrfC+VKV3QRjypv+yY5Eh1haGDj6xDM1Mw+dtI4878nA==",
      "dev": true,
      "requires": {
        "@ungap/weakmap": "^0.1.4"
      }
    },
    "@ungap/template-tag-arguments": {
      "version": "0.3.0",
      "resolved": "https://registry.npmjs.org/@ungap/template-tag-arguments/-/template-tag-arguments-0.3.0.tgz",
      "integrity": "sha512-yJobqBniOQ50jGUQJHPT/0/ZZ/Ibnj/7e+Abn63aGX7OmRV609gKfQo8Jr20wx5hRrOMHsNxQGE5hhT6E2jhRQ==",
      "dev": true,
      "requires": {
        "@ungap/template-literal": "^0.4.0"
      }
    },
    "@ungap/trim": {
      "version": "0.1.1",
      "resolved": "https://registry.npmjs.org/@ungap/trim/-/trim-0.1.1.tgz",
      "integrity": "sha512-f2jiPMFD8qmoNV5kxZ6RwSwmnloxtGUcG3W5Fbe9rC3vwXlPxWT0g5J0mN3+rM9C/u1p24gIVTSxNBPOtyu7Sw==",
      "dev": true
    },
    "@ungap/weakmap": {
      "version": "0.1.4",
      "resolved": "https://registry.npmjs.org/@ungap/weakmap/-/weakmap-0.1.4.tgz",
      "integrity": "sha512-TO4TTwlQXdjHKoWgKxsMqApnOV8JruaNilqOg0I04MTYb5+fj9taIVijS4ILwWg0ytQY5DwTKzPWj+0G+7bsXw==",
      "dev": true
    },
    "disconnected": {
      "version": "0.2.1",
      "resolved": "https://registry.npmjs.org/disconnected/-/disconnected-0.2.1.tgz",
      "integrity": "sha512-483TUpj4dA7Ye42xrErztbw3PKpkboPf1aB9mG4+S+RGGxFVv72hQBbS8MqN8LZLWHzfcmk2tMTRR5CoyxNglg==",
      "dev": true
    },
    "domconstants": {
      "version": "0.1.1",
      "resolved": "https://registry.npmjs.org/domconstants/-/domconstants-0.1.1.tgz",
      "integrity": "sha512-Pk4K6tLOzSh0cZDuh7TQivZtYLC6Z8dNissoDyy2tQoVNg8ewScxG3AVJO76kLcTta/u7bgEO6xbIR97MiInfA==",
      "dev": true
    },
    "domdiff": {
      "version": "2.0.6",
      "resolved": "https://registry.npmjs.org/domdiff/-/domdiff-2.0.6.tgz",
      "integrity": "sha512-ukABHzT+BXvfzs073+xbKCq34EDhjxpAI4NXhoum6Oq8Zn+fn+yRMeW9amH25B3xh/2nZR+LeGmCeOdMBnHLVg==",
      "dev": true,
      "requires": {
        "@ungap/essential-map": "^0.2.0"
      }
    },
    "domsanitizer": {
      "version": "0.2.2",
      "resolved": "https://registry.npmjs.org/domsanitizer/-/domsanitizer-0.2.2.tgz",
      "integrity": "sha512-2nqCaLWi+tpT7oOa862BVrG7bHzYlWFZ5ltmvt4LXECxe5FnwF/zKGs/gWanZWGmv1pwdUTkO9TamoZMqI0Pmg==",
      "dev": true,
      "requires": {
        "domconstants": "^0.1.1"
      }
    },
    "domtagger": {
      "version": "0.5.3",
      "resolved": "https://registry.npmjs.org/domtagger/-/domtagger-0.5.3.tgz",
      "integrity": "sha512-32dEM2oCfQC5sdN6xYpPnUbs5Qv676fO24I3P9mTiwUrJx7LHUTi/SVjj/yKEHSIixzU4iykdKdqWamHmZF7qg==",
      "dev": true,
      "requires": {
        "@ungap/create-content": "^0.1.4",
        "@ungap/essential-map": "^0.2.0",
        "@ungap/import-node": "^0.1.0",
        "@ungap/trim": "^0.1.1",
        "@ungap/weakmap": "^0.1.4",
        "domconstants": "^0.1.1",
        "domsanitizer": "^0.2.2"
      }
    },
    "hyperhtml": {
      "version": "2.30.1",
      "resolved": "https://registry.npmjs.org/hyperhtml/-/hyperhtml-2.30.1.tgz",
      "integrity": "sha512-KgqV+M7NwENUMtAz9ZtPcVjj6oBc2TuB4RLMpySrfeXMYloiLcCAQHZ2jkWNEpVdtiOJlmlLCs8O1OZldbUOfA==",
      "dev": true,
      "requires": {
        "@ungap/create-content": "^0.1.4",
        "@ungap/custom-event": "^0.2.0",
        "@ungap/essential-map": "^0.2.0",
        "@ungap/essential-weakset": "^0.1.2",
        "@ungap/is-array": "^0.1.1",
        "@ungap/template-tag-arguments": "^0.3.0",
        "@ungap/weakmap": "^0.1.4",
        "disconnected": "^0.2.1",
        "domdiff": "^2.0.6",
        "domtagger": "^0.5.3",
        "hyperhtml-style": "^0.1.2",
        "hyperhtml-wire": "^2.1.0",
        "lightercollective": "^0.3.0"
      }
    },
    "hyperhtml-element": {
      "version": "3.10.0",
      "resolved": "https://registry.npmjs.org/hyperhtml-element/-/hyperhtml-element-3.10.0.tgz",
      "integrity": "sha512-zsq1hGDjWPtZ5FoMG49weHVKzjTv13BuLYrGBrs9LHFv0JFtyKFbLLUiN4/uQIn2X71yEgNTdqNiDQaNTXm3TQ==",
      "dev": true,
      "requires": {
        "hyperhtml": "^2.30.0"
      }
    },
    "hyperhtml-style": {
      "version": "0.1.2",
      "resolved": "https://registry.npmjs.org/hyperhtml-style/-/hyperhtml-style-0.1.2.tgz",
      "integrity": "sha512-ZDRYNClEaqUS0a8RAED0nQRqWmZk7ctdyij3Iw/PqUUef6xhYO87nx9vJNuxg7Yc6J2FdJjXRKbB0iud2ZyzwQ==",
      "dev": true
    },
    "hyperhtml-wire": {
      "version": "2.1.0",
      "resolved": "https://registry.npmjs.org/hyperhtml-wire/-/hyperhtml-wire-2.1.0.tgz",
      "integrity": "sha512-LqFs/MgvxyMVM8O3Fx7QcCDWWkga3JeMA7C1inHM71PIchupSyj2u/zG8Blw+KfJHIFmEsx09KxOrgykGqoopQ==",
      "dev": true
    },
    "js-tokens": {
      "version": "4.0.0",
      "resolved": "https://registry.npmjs.org/js-tokens/-/js-tokens-4.0.0.tgz",
      "integrity": "sha512-RdJUflcE3cUzKiMqQgsCu06FPu9UdIJO0beYbPhHN4k6apgJtifcoCtT9bcxOpYBtpD2kCM6Sbzg4CausW/PKQ==",
      "dev": true
    },
    "lightercollective": {
      "version": "0.3.0",
      "resolved": "https://registry.npmjs.org/lightercollective/-/lightercollective-0.3.0.tgz",
      "integrity": "sha512-RFOLSUVvwdK3xA0P8o6G7QGXLIyy1L2qv5caEI7zXN5ciaEjbAriRF182kbsoJ1S1TgvpyGcN485fMky6qxOPw==",
      "dev": true
    },
    "loose-envify": {
      "version": "1.4.0",
      "resolved": "https://registry.npmjs.org/loose-envify/-/loose-envify-1.4.0.tgz",
      "integrity": "sha512-lyuxPGr/Wfhrlem2CL/UcnUc1zcqKAImBDzukY7Y5F/yQiNdko6+fRLevlw1HgMySw7f611UIY408EtxRSoK3Q==",
      "dev": true,
      "requires": {
        "js-tokens": "^3.0.0 || ^4.0.0"
      }
    },
    "luxon": {
      "version": "1.17.2",
      "resolved": "https://registry.npmjs.org/luxon/-/luxon-1.17.2.tgz",
      "integrity": "sha512-qELKtIj3HD41N+MvgoxArk8DZGUb4Gpiijs91oi+ZmKJzRlxY6CoyTwNoUwnogCVs4p8HuxVJDik9JbnYgrCng==",
      "dev": true
    },
    "path-parser": {
      "version": "4.2.0",
      "resolved": "https://registry.npmjs.org/path-parser/-/path-parser-4.2.0.tgz",
      "integrity": "sha512-MPPZiWTTp2I72VXmGQQfsn2ohrbd9QTbZSLYNS+HXsnQ37VbiLR/szO2R7DHaZA1V1scYxuxgyQerj+6kMTXtA==",
      "dev": true,
      "requires": {
        "search-params": "2.1.3"
      }
    },
    "redux": {
      "version": "4.0.1",
      "resolved": "https://registry.npmjs.org/redux/-/redux-4.0.1.tgz",
      "integrity": "sha512-R7bAtSkk7nY6O/OYMVR9RiBI+XghjF9rlbl5806HJbQph0LJVHZrU5oaO4q70eUKiqMRqm4y07KLTlMZ2BlVmg==",
      "dev": true,
      "requires": {
        "loose-envify": "^1.4.0",
        "symbol-observable": "^1.2.0"
      }
    },
    "redux-devtools-extension": {
      "version": "2.13.8",
      "resolved": "https://registry.npmjs.org/redux-devtools-extension/-/redux-devtools-extension-2.13.8.tgz",
      "integrity": "sha512-8qlpooP2QqPtZHQZRhx3x3OP5skEV1py/zUdMY28WNAocbafxdG2tRD1MWE7sp8obGMNYuLWanhhQ7EQvT1FBg==",
      "optional": true
    },
    "reflect-metadata": {
      "version": "0.1.13",
      "resolved": "https://registry.npmjs.org/reflect-metadata/-/reflect-metadata-0.1.13.tgz",
      "integrity": "sha512-Ts1Y/anZELhSsjMcU605fU9RE4Oi3p5ORujwbIKXfWa+0Zxs510Qrmrce5/Jowq3cHSZSJqBjypxmHarc+vEWg==",
      "dev": true
    },
    "route-node": {
      "version": "3.4.2",
      "resolved": "https://registry.npmjs.org/route-node/-/route-node-3.4.2.tgz",
      "integrity": "sha512-MDIllr+xwmzSKQh49Ls1g66LIH9JisXh15WXyu4hAYW95mrTSRWr7bqc23hcrjZpehTmSNOb64ZiHBgsHUArog==",
      "dev": true,
      "requires": {
        "path-parser": "4.2.0",
        "search-params": "2.1.3"
      }
    },
    "router5": {
      "version": "7.0.2",
      "resolved": "https://registry.npmjs.org/router5/-/router5-7.0.2.tgz",
      "integrity": "sha512-QPTKHjJVn8pozHoPvVREGTogo06M/1dY6UHMMUyoAc7gG3UMx5QBMjyiREnqtac0U0Cp4T5RsZ0bkBXNsSjfYg==",
      "dev": true,
      "requires": {
        "route-node": "3.4.2",
        "router5-transition-path": "^7.0.1",
        "symbol-observable": "1.2.0"
      }
    },
    "router5-plugin-browser": {
      "version": "7.0.2",
      "resolved": "https://registry.npmjs.org/router5-plugin-browser/-/router5-plugin-browser-7.0.2.tgz",
      "integrity": "sha512-iDrHIDVj6wyvJBKo6fTTkrQor8/vKOXOJQD30HnFcWMHP0Amiu3vzEi6HwM3HjTr5L1AKVzMINBI3fonsdINkw==",
      "dev": true
    },
    "router5-transition-path": {
      "version": "7.0.1",
      "resolved": "https://registry.npmjs.org/router5-transition-path/-/router5-transition-path-7.0.1.tgz",
      "integrity": "sha512-ZAiz78ey4T1CDjgFiOUK4fX6AF5ZC8tuw4jCpfsfHWFt5r6URtx/2Sc1ENFPkA6Yrl2crUCGxVWUZCBFwtH9GA==",
      "dev": true
    },
    "search-params": {
      "version": "2.1.3",
      "resolved": "https://registry.npmjs.org/search-params/-/search-params-2.1.3.tgz",
      "integrity": "sha512-hHxU9ZGWpZ/lrFBIHndSnQae2in7ra+m+tBSoeAahSWDDgOgpZqs4bfaTZpljgNgAgTbjiQoJtZW6FKSsfEcDA==",
      "dev": true
    },
    "symbol-observable": {
      "version": "1.2.0",
      "resolved": "https://registry.npmjs.org/symbol-observable/-/symbol-observable-1.2.0.tgz",
      "integrity": "sha512-e900nM8RRtGhlV36KGEU9k65K3mPb1WV70OdjfxlG2EAuM1noi/E/BaW/uMhL7bPEssK8QV57vN3esixjUvcXQ==",
      "dev": true
    }
  }
}
