{
	"name": "@hypertype/app",
	"version": "3.3.16",
	"lockfileVersion": 1,
	"requires": true,
	"dependencies": {
		"@hypertype/core": {
			"version": "3.3.14",
			"resolved": "https://registry.npmjs.org/@hypertype/core/-/core-3.3.14.tgz",
			"integrity": "sha512-LHKKcSL3sACH0b3fXCIrpVvdG2wql5MpkopBVJN28rIQZkSf09MCfr5314I7ciE82JIPhQCgZyboEgjjrvJDQA==",
			"dev": true,
			"requires": {
				"crc-32": "*",
				"reflect-metadata": "*",
				"rxjs": "*"
			},
			"dependencies": {
				"crc-32": {
					"version": "1.2.0",
					"bundled": true,
					"dev": true,
					"requires": {
						"exit-on-epipe": "~1.0.1",
						"printj": "~1.1.0"
					}
				},
				"reflect-metadata": {
					"version": "0.1.13",
					"bundled": true,
					"dev": true
				},
				"rxjs": {
					"version": "6.5.5",
					"bundled": true,
					"dev": true,
					"requires": {
						"tslib": "^1.9.0"
					}
				}
			}
		},
		"@hypertype/infr": {
			"version": "3.3.14",
			"resolved": "https://registry.npmjs.org/@hypertype/infr/-/infr-3.3.14.tgz",
			"integrity": "sha512-z122MJcsUyS8DLDRcrzX/q+ClgYYvdnjTIUNfUpm+VkPcvmGl0UShblQeDWTcwhbtt+wTcsGiCl54zfZxGtmoQ==",
			"dev": true
		},
		"@hypertype/ui": {
			"version": "3.3.14",
			"resolved": "https://registry.npmjs.org/@hypertype/ui/-/ui-3.3.14.tgz",
			"integrity": "sha512-qc5VUVqX+wMxFn5JHiuTFIXje1jFnz0ZF2QzBxm3RoQmx32VTTuUze6Amcrjxkkn3yhaQEsdX/fWofR/bQ+nzQ==",
			"dev": true
		},
		"@types/node": {
			"version": "11.13.19",
			"resolved": "https://registry.npmjs.org/@types/node/-/node-11.13.19.tgz",
			"integrity": "sha512-tLRDU1hmcWamtgRT2iVRdraAQVGFQGgtcqracSo9XyMN1VeZLSVGb8RJJxVqab7UGbijoUijGPVFMjmqzyZIUw==",
			"dev": true
		},
		"exit-on-epipe": {
			"version": "1.0.1",
			"resolved": "https://registry.npmjs.org/exit-on-epipe/-/exit-on-epipe-1.0.1.tgz",
			"integrity": "sha512-h2z5mrROTxce56S+pnvAV890uu7ls7f1kEvVGJbw1OlFH3/mlJ5bkXu0KRyW94v37zzHPiUd55iLn3DA7TjWpw==",
			"dev": true
		},
		"js-tokens": {
			"version": "4.0.0",
			"resolved": "https://registry.npmjs.org/js-tokens/-/js-tokens-4.0.0.tgz",
			"integrity": "sha512-RdJUflcE3cUzKiMqQgsCu06FPu9UdIJO0beYbPhHN4k6apgJtifcoCtT9bcxOpYBtpD2kCM6Sbzg4CausW/PKQ==",
			"dev": true
		},
		"loose-envify": {
			"version": "1.4.0",
			"resolved": "https://registry.npmjs.org/loose-envify/-/loose-envify-1.4.0.tgz",
			"integrity": "sha512-lyuxPGr/Wfhrlem2CL/UcnUc1zcqKAImBDzukY7Y5F/yQiNdko6+fRLevlw1HgMySw7f611UIY408EtxRSoK3Q==",
			"dev": true,
			"requires": {
				"js-tokens": "^3.0.0 || ^4.0.0"
			}
		},
		"path-parser": {
			"version": "6.1.0",
			"resolved": "https://registry.npmjs.org/path-parser/-/path-parser-6.1.0.tgz",
			"integrity": "sha512-nAB6J73z2rFcQP+870OHhpkHFj5kO4rPLc2Ol4Y3Ale7F6Hk1/cPKp7cQ8RznKF8FOSvu+YR9Xc6Gafk7DlpYA==",
			"dev": true,
			"requires": {
				"search-params": "3.0.0",
				"tslib": "^1.10.0"
			}
		},
		"printj": {
			"version": "1.1.2",
			"resolved": "https://registry.npmjs.org/printj/-/printj-1.1.2.tgz",
			"integrity": "sha512-zA2SmoLaxZyArQTOPj5LXecR+RagfPSU5Kw1qP+jkWeNlrq+eJZyY2oS68SU1Z/7/myXM4lo9716laOFAVStCQ==",
			"dev": true
		},
		"redux": {
			"version": "4.0.5",
			"resolved": "https://registry.npmjs.org/redux/-/redux-4.0.5.tgz",
			"integrity": "sha512-VSz1uMAH24DM6MF72vcojpYPtrTUu3ByVWfPL1nPfVRb5mZVTve5GnNCUV53QM/BZ66xfWrm0CTWoM+Xlz8V1w==",
			"dev": true,
			"requires": {
				"loose-envify": "^1.4.0",
				"symbol-observable": "^1.2.0"
			}
		},
		"redux-devtools-extension": {
			"version": "2.13.8",
			"resolved": "https://registry.npmjs.org/redux-devtools-extension/-/redux-devtools-extension-2.13.8.tgz",
			"integrity": "sha512-8qlpooP2QqPtZHQZRhx3x3OP5skEV1py/zUdMY28WNAocbafxdG2tRD1MWE7sp8obGMNYuLWanhhQ7EQvT1FBg==",
			"optional": true
		},
		"route-node": {
			"version": "4.1.1",
			"resolved": "https://registry.npmjs.org/route-node/-/route-node-4.1.1.tgz",
			"integrity": "sha512-bJVDVEQvXYqTC/LQ/2ohNZ2gPRO4+3ZvHeafuCyRZAd63qH17yspVfxOBzasE/t7SmSO30sT/yPSEMuPDGHhSQ==",
			"dev": true,
			"requires": {
				"path-parser": "6.1.0",
				"search-params": "3.0.0",
				"tslib": "^1.10.0"
			}
		},
		"router5": {
			"version": "8.0.1",
			"resolved": "https://registry.npmjs.org/router5/-/router5-8.0.1.tgz",
			"integrity": "sha512-LBLQAYd2ZI1FiiBqGf82oC+LRD0PUABrZqTzd6OmyK+t5N8wRs3hbIxeiy/9Zy+xI8Fdf/0WM68P41W6MH8pdQ==",
			"dev": true,
			"requires": {
				"route-node": "4.1.1",
				"router5-transition-path": "^8.0.1",
				"symbol-observable": "1.2.0"
			}
		},
		"router5-plugin-browser": {
			"version": "8.0.1",
			"resolved": "https://registry.npmjs.org/router5-plugin-browser/-/router5-plugin-browser-8.0.1.tgz",
			"integrity": "sha512-RuArnalkREtQj0ROD1RnITWwL+Fl8rbkFspDxRTt3aFG9k5bPOE0HfJRvGsd4TY9Je/kW3hvntvFXSx8Bl745w==",
			"dev": true
		},
		"router5-transition-path": {
			"version": "8.0.1",
			"resolved": "https://registry.npmjs.org/router5-transition-path/-/router5-transition-path-8.0.1.tgz",
			"integrity": "sha512-l7MFEUmasEhe1emrO79t7BkCqQQRZdenz4c3qJmZpe8V6BCerZQR+SYbZL5zmQ3hazY7nR264jCWuNed+cMD2A==",
			"dev": true
		},
		"search-params": {
			"version": "3.0.0",
			"resolved": "https://registry.npmjs.org/search-params/-/search-params-3.0.0.tgz",
			"integrity": "sha512-8CYNl/bjkEhXWbDTU/K7c2jQtrnqEffIPyOLMqygW/7/b+ym8UtQumcAZjOfMLjZKR6AxK5tOr9fChbQZCzPqg==",
			"dev": true
		},
		"symbol-observable": {
			"version": "1.2.0",
			"resolved": "https://registry.npmjs.org/symbol-observable/-/symbol-observable-1.2.0.tgz",
			"integrity": "sha512-e900nM8RRtGhlV36KGEU9k65K3mPb1WV70OdjfxlG2EAuM1noi/E/BaW/uMhL7bPEssK8QV57vN3esixjUvcXQ==",
			"dev": true
		},
		"tslib": {
			"version": "1.11.2",
			"resolved": "https://registry.npmjs.org/tslib/-/tslib-1.11.2.tgz",
			"integrity": "sha512-tTSkux6IGPnUGUd1XAZHcpu85MOkIl5zX49pO+jfsie3eP0B6pyhOlLXm3cAC6T7s+euSDDUUV+Acop5WmtkVg==",
			"dev": true
		},
		"typescript": {
			"version": "3.7.4",
			"resolved": "https://registry.npmjs.org/typescript/-/typescript-3.7.4.tgz",
			"integrity": "sha512-A25xv5XCtarLwXpcDNZzCGvW2D1S3/bACratYBx2sax8PefsFhlYmkQicKHvpYflFS8if4zne5zT5kpJ7pzuvw==",
			"dev": true
		}
	}
}
