{
	"name": "@hypertype/app",
	"version": "3.7.21",
	"lockfileVersion": 2,
	"requires": true,
	"packages": {
		"": {
			"name": "@hypertype/app",
			"version": "3.7.19",
			"license": "ISC",
			"devDependencies": {
				"redux": "4.0.5",
				"router5": "8.0.1",
				"router5-plugin-browser": "8.0.1"
			},
			"peerDependencies": {
				"@hypertype/core": "*",
				"@hypertype/ui": "*"
			}
		},
		"node_modules/@hypertype/core": {
			"version": "3.7.19",
			"resolved": "https://registry.npmjs.org/@hypertype/core/-/core-3.7.19.tgz",
			"integrity": "sha512-sJlCEgWRqTVJLUcWy1LmzWireOM/ctgDcDItu+h2YcxVOr6C7j07EIMgtv3pnnYxLVEUvNRfWQRRq8stPv17qw==",
			"peer": true,
			"peerDependencies": {
				"luxon": "^1.12.1"
			}
		},
		"node_modules/@hypertype/ui": {
			"version": "3.7.19",
			"resolved": "https://registry.npmjs.org/@hypertype/ui/-/ui-3.7.19.tgz",
			"integrity": "sha512-xv6rWqY55yihMkEPMGakMqsmLV0S5F8gCJaMFjFWUsAAfhaSSNnM1MeVffki/V34uLi8kAf4rnBSYnp+OeA9vg==",
			"peer": true,
			"dependencies": {
				"uhtml": "^2"
			},
			"peerDependencies": {
				"@hypertype/core": "^3.7.17",
				"@types/node": "16"
			}
		},
		"node_modules/@hypertype/ui/node_modules/@ungap/create-content": {
			"version": "0.3.1",
			"resolved": "https://registry.npmjs.org/@ungap/create-content/-/create-content-0.3.1.tgz",
			"integrity": "sha512-SHzmtS3KHG+gzNhO/E0tFqs12vNC5H3YxpF8a8AeodB/iX3ZYcxzS8vgWXbDGmHy6bgl7m+f9+wDKBdqOVT5FA==",
			"peer": true
		},
		"node_modules/@hypertype/ui/node_modules/async-tag": {
			"version": "0.2.0",
			"resolved": "https://registry.npmjs.org/async-tag/-/async-tag-0.2.0.tgz",
			"integrity": "sha512-hNstPiQvxVVJdkBjfBsNb3zDEM2IUY3Xp7qaadEnhaGXq1/OFdS+TuwjEJxnIvZRm7e13KrPW74fIeDra7P5vw==",
			"peer": true
		},
		"node_modules/@hypertype/ui/node_modules/jsx2tag": {
			"version": "0.3.0",
			"resolved": "https://registry.npmjs.org/jsx2tag/-/jsx2tag-0.3.0.tgz",
			"integrity": "sha512-AcELEC4kZIByPXqtK+QdaQ0t7MVZkZ9zjoitLwqGkpLkopDwBOwpG0JHxBcqGaVkv2KF3jPFp6l3l/5cN3J/Yw==",
			"peer": true
		},
		"node_modules/@hypertype/ui/node_modules/uarray": {
			"version": "1.0.0",
			"resolved": "https://registry.npmjs.org/uarray/-/uarray-1.0.0.tgz",
			"integrity": "sha512-LHmiAd5QuAv7pU2vbh+Zq9YOnqVK0H764p2Ozinpfy9ka58OID4IsGLiXsitqH7n0NAIDxvax1A/kDXpii/Ckg==",
			"peer": true
		},
		"node_modules/@hypertype/ui/node_modules/udomdiff": {
			"version": "1.1.0",
			"resolved": "https://registry.npmjs.org/udomdiff/-/udomdiff-1.1.0.tgz",
			"integrity": "sha512-aqjTs5x/wsShZBkVagdafJkP8S3UMGhkHKszsu1cszjjZ7iOp86+Qb3QOFYh01oWjPMy5ZTuxD6hw5uTKxd+VA==",
			"peer": true
		},
		"node_modules/@hypertype/ui/node_modules/uhandlers": {
			"version": "0.6.1",
			"resolved": "https://registry.npmjs.org/uhandlers/-/uhandlers-0.6.1.tgz",
			"integrity": "sha512-2jMpdT/3twUKnJxvVEtysdkw5v7KhynNvMP8sueocaGYgEXG6l9fG/66JlKrQo/jVNCF2gcJb3Ne7vYCeVR6tw==",
			"peer": true,
			"dependencies": {
				"uarray": "^1.0.0"
			}
		},
		"node_modules/@hypertype/ui/node_modules/uhtml": {
			"version": "2.8.0",
			"resolved": "https://registry.npmjs.org/uhtml/-/uhtml-2.8.0.tgz",
			"integrity": "sha512-UVtSfxRh06r06xQguEyWyQF2E6x9CbtxqRTG7gLunrTKO4y223+yRkrB0wiPFSaU5qdscDO5LAi65oFQk839zg==",
			"peer": true,
			"dependencies": {
				"@ungap/create-content": "^0.3.1",
				"async-tag": "^0.2.0",
				"jsx2tag": "^0.3.0",
				"uarray": "^1.0.0",
				"udomdiff": "^1.1.0",
				"uhandlers": "^0.6.0",
				"umap": "^1.0.2",
				"uparser": "^0.2.1",
				"uwire": "^1.1.0"
			}
		},
		"node_modules/@hypertype/ui/node_modules/umap": {
			"version": "1.0.2",
			"resolved": "https://registry.npmjs.org/umap/-/umap-1.0.2.tgz",
			"integrity": "sha512-bW127HgG4H4VAD6qlqO5vCC+7bnlYvZ6A6BdwyGblkWvlEG7VYpj1bcpf3iJpvyKmkPZWDIeZDmoULz67ec7NA==",
			"peer": true
		},
		"node_modules/@hypertype/ui/node_modules/uparser": {
			"version": "0.2.1",
			"resolved": "https://registry.npmjs.org/uparser/-/uparser-0.2.1.tgz",
			"integrity": "sha512-hTwK8e+bAaER8gJBOysoFGjRPsX/xOthSPR/ieI9EgTf1rts9ey25tbDXIU0rDr/cGcLsvkCo1n8J/eccfAvvw==",
			"peer": true
		},
		"node_modules/@hypertype/ui/node_modules/uwire": {
			"version": "1.1.0",
			"resolved": "https://registry.npmjs.org/uwire/-/uwire-1.1.0.tgz",
			"integrity": "sha512-XJPmJnySabt8D0/wnfFFywgUOBnXszDEW32nEVIfOx1n6gLTZSp+X+70+blSnHKNiIUVSFPmmRuxOal0I/aB5g==",
			"peer": true,
			"dependencies": {
				"uarray": "^1.0.0"
			}
		},
		"node_modules/@types/node": {
			"version": "16.11.22",
			"resolved": "https://registry.npmjs.org/@types/node/-/node-16.11.22.tgz",
			"integrity": "sha512-DYNtJWauMQ9RNpesl4aVothr97/tIJM8HbyOXJ0AYT1Z2bEjLHyfjOBPAQQVMLf8h3kSShYfNk8Wnto8B2zHUA==",
			"peer": true
		},
		"node_modules/luxon": {
			"version": "1.28.0",
			"resolved": "https://registry.npmjs.org/luxon/-/luxon-1.28.0.tgz",
			"integrity": "sha512-TfTiyvZhwBYM/7QdAVDh+7dBTBA29v4ik0Ce9zda3Mnf8on1S5KJI8P2jKFZ8+5C0jhmr0KwJEO/Wdpm0VeWJQ==",
			"peer": true,
			"engines": {
				"node": "*"
			}
		},
		"node_modules/redux": {
			"version": "4.0.5",
			"resolved": "https://registry.npmjs.org/redux/-/redux-4.0.5.tgz",
			"integrity": "sha512-VSz1uMAH24DM6MF72vcojpYPtrTUu3ByVWfPL1nPfVRb5mZVTve5GnNCUV53QM/BZ66xfWrm0CTWoM+Xlz8V1w==",
			"dev": true,
			"dependencies": {
				"loose-envify": "^1.4.0",
				"symbol-observable": "^1.2.0"
			}
		},
		"node_modules/redux/node_modules/js-tokens": {
			"version": "4.0.0",
			"resolved": "https://registry.npmjs.org/js-tokens/-/js-tokens-4.0.0.tgz",
			"integrity": "sha512-RdJUflcE3cUzKiMqQgsCu06FPu9UdIJO0beYbPhHN4k6apgJtifcoCtT9bcxOpYBtpD2kCM6Sbzg4CausW/PKQ==",
			"dev": true
		},
		"node_modules/redux/node_modules/loose-envify": {
			"version": "1.4.0",
			"resolved": "https://registry.npmjs.org/loose-envify/-/loose-envify-1.4.0.tgz",
			"integrity": "sha512-lyuxPGr/Wfhrlem2CL/UcnUc1zcqKAImBDzukY7Y5F/yQiNdko6+fRLevlw1HgMySw7f611UIY408EtxRSoK3Q==",
			"dev": true,
			"dependencies": {
				"js-tokens": "^3.0.0 || ^4.0.0"
			},
			"bin": {
				"loose-envify": "cli.js"
			}
		},
		"node_modules/redux/node_modules/symbol-observable": {
			"version": "1.2.0",
			"resolved": "https://registry.npmjs.org/symbol-observable/-/symbol-observable-1.2.0.tgz",
			"integrity": "sha512-e900nM8RRtGhlV36KGEU9k65K3mPb1WV70OdjfxlG2EAuM1noi/E/BaW/uMhL7bPEssK8QV57vN3esixjUvcXQ==",
			"dev": true,
			"engines": {
				"node": ">=0.10.0"
			}
		},
		"node_modules/router5": {
			"version": "8.0.1",
			"resolved": "https://registry.npmjs.org/router5/-/router5-8.0.1.tgz",
			"integrity": "sha512-LBLQAYd2ZI1FiiBqGf82oC+LRD0PUABrZqTzd6OmyK+t5N8wRs3hbIxeiy/9Zy+xI8Fdf/0WM68P41W6MH8pdQ==",
			"dev": true,
			"dependencies": {
				"route-node": "4.1.1",
				"router5-transition-path": "^8.0.1",
				"symbol-observable": "1.2.0"
			}
		},
		"node_modules/router5-plugin-browser": {
			"version": "8.0.1",
			"resolved": "https://registry.npmjs.org/router5-plugin-browser/-/router5-plugin-browser-8.0.1.tgz",
			"integrity": "sha512-RuArnalkREtQj0ROD1RnITWwL+Fl8rbkFspDxRTt3aFG9k5bPOE0HfJRvGsd4TY9Je/kW3hvntvFXSx8Bl745w==",
			"dev": true,
			"peerDependencies": {
				"router5": "^8.0.0"
			}
		},
		"node_modules/router5/node_modules/path-parser": {
			"version": "6.1.0",
			"resolved": "https://registry.npmjs.org/path-parser/-/path-parser-6.1.0.tgz",
			"integrity": "sha512-nAB6J73z2rFcQP+870OHhpkHFj5kO4rPLc2Ol4Y3Ale7F6Hk1/cPKp7cQ8RznKF8FOSvu+YR9Xc6Gafk7DlpYA==",
			"dev": true,
			"dependencies": {
				"search-params": "3.0.0",
				"tslib": "^1.10.0"
			}
		},
		"node_modules/router5/node_modules/route-node": {
			"version": "4.1.1",
			"resolved": "https://registry.npmjs.org/route-node/-/route-node-4.1.1.tgz",
			"integrity": "sha512-bJVDVEQvXYqTC/LQ/2ohNZ2gPRO4+3ZvHeafuCyRZAd63qH17yspVfxOBzasE/t7SmSO30sT/yPSEMuPDGHhSQ==",
			"dev": true,
			"dependencies": {
				"path-parser": "6.1.0",
				"search-params": "3.0.0",
				"tslib": "^1.10.0"
			}
		},
		"node_modules/router5/node_modules/router5-transition-path": {
			"version": "8.0.1",
			"resolved": "https://registry.npmjs.org/router5-transition-path/-/router5-transition-path-8.0.1.tgz",
			"integrity": "sha512-l7MFEUmasEhe1emrO79t7BkCqQQRZdenz4c3qJmZpe8V6BCerZQR+SYbZL5zmQ3hazY7nR264jCWuNed+cMD2A==",
			"dev": true,
			"peerDependencies": {
				"router5": "^8.0.0"
			}
		},
		"node_modules/router5/node_modules/search-params": {
			"version": "3.0.0",
			"resolved": "https://registry.npmjs.org/search-params/-/search-params-3.0.0.tgz",
			"integrity": "sha512-8CYNl/bjkEhXWbDTU/K7c2jQtrnqEffIPyOLMqygW/7/b+ym8UtQumcAZjOfMLjZKR6AxK5tOr9fChbQZCzPqg==",
			"dev": true
		},
		"node_modules/router5/node_modules/symbol-observable": {
			"version": "1.2.0",
			"resolved": "https://registry.npmjs.org/symbol-observable/-/symbol-observable-1.2.0.tgz",
			"integrity": "sha512-e900nM8RRtGhlV36KGEU9k65K3mPb1WV70OdjfxlG2EAuM1noi/E/BaW/uMhL7bPEssK8QV57vN3esixjUvcXQ==",
			"dev": true,
			"engines": {
				"node": ">=0.10.0"
			}
		},
		"node_modules/router5/node_modules/tslib": {
			"version": "1.14.1",
			"resolved": "https://registry.npmjs.org/tslib/-/tslib-1.14.1.tgz",
			"integrity": "sha512-Xni35NKzjgMrwevysHTCArtLDpPvye8zV/0E4EyYn43P7/7qvQwPh9BGkHewbMulVntbigmcT7rdX3BNo9wRJg==",
			"dev": true
		}
	},
	"dependencies": {
		"@hypertype/core": {
			"version": "3.7.19",
			"resolved": "https://registry.npmjs.org/@hypertype/core/-/core-3.7.19.tgz",
			"integrity": "sha512-sJlCEgWRqTVJLUcWy1LmzWireOM/ctgDcDItu+h2YcxVOr6C7j07EIMgtv3pnnYxLVEUvNRfWQRRq8stPv17qw==",
			"peer": true,
			"requires": {}
		},
		"@hypertype/ui": {
			"version": "3.7.19",
			"resolved": "https://registry.npmjs.org/@hypertype/ui/-/ui-3.7.19.tgz",
			"integrity": "sha512-xv6rWqY55yihMkEPMGakMqsmLV0S5F8gCJaMFjFWUsAAfhaSSNnM1MeVffki/V34uLi8kAf4rnBSYnp+OeA9vg==",
			"peer": true,
			"requires": {
				"uhtml": "^2"
			},
			"dependencies": {
				"@ungap/create-content": {
					"version": "0.3.1",
					"resolved": "https://registry.npmjs.org/@ungap/create-content/-/create-content-0.3.1.tgz",
					"integrity": "sha512-SHzmtS3KHG+gzNhO/E0tFqs12vNC5H3YxpF8a8AeodB/iX3ZYcxzS8vgWXbDGmHy6bgl7m+f9+wDKBdqOVT5FA==",
					"peer": true
				},
				"async-tag": {
					"version": "0.2.0",
					"resolved": "https://registry.npmjs.org/async-tag/-/async-tag-0.2.0.tgz",
					"integrity": "sha512-hNstPiQvxVVJdkBjfBsNb3zDEM2IUY3Xp7qaadEnhaGXq1/OFdS+TuwjEJxnIvZRm7e13KrPW74fIeDra7P5vw==",
					"peer": true
				},
				"jsx2tag": {
					"version": "0.3.0",
					"resolved": "https://registry.npmjs.org/jsx2tag/-/jsx2tag-0.3.0.tgz",
					"integrity": "sha512-AcELEC4kZIByPXqtK+QdaQ0t7MVZkZ9zjoitLwqGkpLkopDwBOwpG0JHxBcqGaVkv2KF3jPFp6l3l/5cN3J/Yw==",
					"peer": true
				},
				"uarray": {
					"version": "1.0.0",
					"resolved": "https://registry.npmjs.org/uarray/-/uarray-1.0.0.tgz",
					"integrity": "sha512-LHmiAd5QuAv7pU2vbh+Zq9YOnqVK0H764p2Ozinpfy9ka58OID4IsGLiXsitqH7n0NAIDxvax1A/kDXpii/Ckg==",
					"peer": true
				},
				"udomdiff": {
					"version": "1.1.0",
					"resolved": "https://registry.npmjs.org/udomdiff/-/udomdiff-1.1.0.tgz",
					"integrity": "sha512-aqjTs5x/wsShZBkVagdafJkP8S3UMGhkHKszsu1cszjjZ7iOp86+Qb3QOFYh01oWjPMy5ZTuxD6hw5uTKxd+VA==",
					"peer": true
				},
				"uhandlers": {
					"version": "0.6.1",
					"resolved": "https://registry.npmjs.org/uhandlers/-/uhandlers-0.6.1.tgz",
					"integrity": "sha512-2jMpdT/3twUKnJxvVEtysdkw5v7KhynNvMP8sueocaGYgEXG6l9fG/66JlKrQo/jVNCF2gcJb3Ne7vYCeVR6tw==",
					"peer": true,
					"requires": {
						"uarray": "^1.0.0"
					}
				},
				"uhtml": {
					"version": "2.8.0",
					"resolved": "https://registry.npmjs.org/uhtml/-/uhtml-2.8.0.tgz",
					"integrity": "sha512-UVtSfxRh06r06xQguEyWyQF2E6x9CbtxqRTG7gLunrTKO4y223+yRkrB0wiPFSaU5qdscDO5LAi65oFQk839zg==",
					"peer": true,
					"requires": {
						"@ungap/create-content": "^0.3.1",
						"async-tag": "^0.2.0",
						"jsx2tag": "^0.3.0",
						"uarray": "^1.0.0",
						"udomdiff": "^1.1.0",
						"uhandlers": "^0.6.0",
						"umap": "^1.0.2",
						"uparser": "^0.2.1",
						"uwire": "^1.1.0"
					}
				},
				"umap": {
					"version": "1.0.2",
					"resolved": "https://registry.npmjs.org/umap/-/umap-1.0.2.tgz",
					"integrity": "sha512-bW127HgG4H4VAD6qlqO5vCC+7bnlYvZ6A6BdwyGblkWvlEG7VYpj1bcpf3iJpvyKmkPZWDIeZDmoULz67ec7NA==",
					"peer": true
				},
				"uparser": {
					"version": "0.2.1",
					"resolved": "https://registry.npmjs.org/uparser/-/uparser-0.2.1.tgz",
					"integrity": "sha512-hTwK8e+bAaER8gJBOysoFGjRPsX/xOthSPR/ieI9EgTf1rts9ey25tbDXIU0rDr/cGcLsvkCo1n8J/eccfAvvw==",
					"peer": true
				},
				"uwire": {
					"version": "1.1.0",
					"resolved": "https://registry.npmjs.org/uwire/-/uwire-1.1.0.tgz",
					"integrity": "sha512-XJPmJnySabt8D0/wnfFFywgUOBnXszDEW32nEVIfOx1n6gLTZSp+X+70+blSnHKNiIUVSFPmmRuxOal0I/aB5g==",
					"peer": true,
					"requires": {
						"uarray": "^1.0.0"
					}
				}
			}
		},
		"@types/node": {
			"version": "16.11.22",
			"resolved": "https://registry.npmjs.org/@types/node/-/node-16.11.22.tgz",
			"integrity": "sha512-DYNtJWauMQ9RNpesl4aVothr97/tIJM8HbyOXJ0AYT1Z2bEjLHyfjOBPAQQVMLf8h3kSShYfNk8Wnto8B2zHUA==",
			"peer": true
		},
		"luxon": {
			"version": "1.28.0",
			"resolved": "https://registry.npmjs.org/luxon/-/luxon-1.28.0.tgz",
			"integrity": "sha512-TfTiyvZhwBYM/7QdAVDh+7dBTBA29v4ik0Ce9zda3Mnf8on1S5KJI8P2jKFZ8+5C0jhmr0KwJEO/Wdpm0VeWJQ==",
			"peer": true
		},
		"redux": {
			"version": "4.0.5",
			"resolved": "https://registry.npmjs.org/redux/-/redux-4.0.5.tgz",
			"integrity": "sha512-VSz1uMAH24DM6MF72vcojpYPtrTUu3ByVWfPL1nPfVRb5mZVTve5GnNCUV53QM/BZ66xfWrm0CTWoM+Xlz8V1w==",
			"dev": true,
			"requires": {
				"loose-envify": "^1.4.0",
				"symbol-observable": "^1.2.0"
			},
			"dependencies": {
				"js-tokens": {
					"version": "4.0.0",
					"resolved": "https://registry.npmjs.org/js-tokens/-/js-tokens-4.0.0.tgz",
					"integrity": "sha512-RdJUflcE3cUzKiMqQgsCu06FPu9UdIJO0beYbPhHN4k6apgJtifcoCtT9bcxOpYBtpD2kCM6Sbzg4CausW/PKQ==",
					"dev": true
				},
				"loose-envify": {
					"version": "1.4.0",
					"resolved": "https://registry.npmjs.org/loose-envify/-/loose-envify-1.4.0.tgz",
					"integrity": "sha512-lyuxPGr/Wfhrlem2CL/UcnUc1zcqKAImBDzukY7Y5F/yQiNdko6+fRLevlw1HgMySw7f611UIY408EtxRSoK3Q==",
					"dev": true,
					"requires": {
						"js-tokens": "^3.0.0 || ^4.0.0"
					}
				},
				"symbol-observable": {
					"version": "1.2.0",
					"resolved": "https://registry.npmjs.org/symbol-observable/-/symbol-observable-1.2.0.tgz",
					"integrity": "sha512-e900nM8RRtGhlV36KGEU9k65K3mPb1WV70OdjfxlG2EAuM1noi/E/BaW/uMhL7bPEssK8QV57vN3esixjUvcXQ==",
					"dev": true
				}
			}
		},
		"router5": {
			"version": "8.0.1",
			"resolved": "https://registry.npmjs.org/router5/-/router5-8.0.1.tgz",
			"integrity": "sha512-LBLQAYd2ZI1FiiBqGf82oC+LRD0PUABrZqTzd6OmyK+t5N8wRs3hbIxeiy/9Zy+xI8Fdf/0WM68P41W6MH8pdQ==",
			"dev": true,
			"requires": {
				"route-node": "4.1.1",
				"router5-transition-path": "^8.0.1",
				"symbol-observable": "1.2.0"
			},
			"dependencies": {
				"path-parser": {
					"version": "6.1.0",
					"resolved": "https://registry.npmjs.org/path-parser/-/path-parser-6.1.0.tgz",
					"integrity": "sha512-nAB6J73z2rFcQP+870OHhpkHFj5kO4rPLc2Ol4Y3Ale7F6Hk1/cPKp7cQ8RznKF8FOSvu+YR9Xc6Gafk7DlpYA==",
					"dev": true,
					"requires": {
						"search-params": "3.0.0",
						"tslib": "^1.10.0"
					}
				},
				"route-node": {
					"version": "4.1.1",
					"resolved": "https://registry.npmjs.org/route-node/-/route-node-4.1.1.tgz",
					"integrity": "sha512-bJVDVEQvXYqTC/LQ/2ohNZ2gPRO4+3ZvHeafuCyRZAd63qH17yspVfxOBzasE/t7SmSO30sT/yPSEMuPDGHhSQ==",
					"dev": true,
					"requires": {
						"path-parser": "6.1.0",
						"search-params": "3.0.0",
						"tslib": "^1.10.0"
					}
				},
				"router5-transition-path": {
					"version": "8.0.1",
					"resolved": "https://registry.npmjs.org/router5-transition-path/-/router5-transition-path-8.0.1.tgz",
					"integrity": "sha512-l7MFEUmasEhe1emrO79t7BkCqQQRZdenz4c3qJmZpe8V6BCerZQR+SYbZL5zmQ3hazY7nR264jCWuNed+cMD2A==",
					"dev": true,
					"requires": {}
				},
				"search-params": {
					"version": "3.0.0",
					"resolved": "https://registry.npmjs.org/search-params/-/search-params-3.0.0.tgz",
					"integrity": "sha512-8CYNl/bjkEhXWbDTU/K7c2jQtrnqEffIPyOLMqygW/7/b+ym8UtQumcAZjOfMLjZKR6AxK5tOr9fChbQZCzPqg==",
					"dev": true
				},
				"symbol-observable": {
					"version": "1.2.0",
					"resolved": "https://registry.npmjs.org/symbol-observable/-/symbol-observable-1.2.0.tgz",
					"integrity": "sha512-e900nM8RRtGhlV36KGEU9k65K3mPb1WV70OdjfxlG2EAuM1noi/E/BaW/uMhL7bPEssK8QV57vN3esixjUvcXQ==",
					"dev": true
				},
				"tslib": {
					"version": "1.14.1",
					"resolved": "https://registry.npmjs.org/tslib/-/tslib-1.14.1.tgz",
					"integrity": "sha512-Xni35NKzjgMrwevysHTCArtLDpPvye8zV/0E4EyYn43P7/7qvQwPh9BGkHewbMulVntbigmcT7rdX3BNo9wRJg==",
					"dev": true
				}
			}
		},
		"router5-plugin-browser": {
			"version": "8.0.1",
			"resolved": "https://registry.npmjs.org/router5-plugin-browser/-/router5-plugin-browser-8.0.1.tgz",
			"integrity": "sha512-RuArnalkREtQj0ROD1RnITWwL+Fl8rbkFspDxRTt3aFG9k5bPOE0HfJRvGsd4TY9Je/kW3hvntvFXSx8Bl745w==",
			"dev": true,
			"requires": {}
		}
	}
}
