devDependencies:
  '@types/node': 11.13.19
  loose-envify: 1.4.0
  redux: 4.0.5
  route-node: 4.1.1
  router5: 8.0.1_router5@8.0.1
  router5-plugin-browser: 8.0.1_router5@8.0.1
  router5-transition-path: 8.0.1_router5@8.0.1
  symbol-observable: 1.2.0
  typescript: 3.7.4
lockfileVersion: 5.1
optionalDependencies:
  redux-devtools-extension: 2.13.8_redux@4.0.5
packages:
  /@types/node/11.13.19:
    dev: true
    resolution:
      integrity: sha512-tLRDU1hmcWamtgRT2iVRdraAQVGFQGgtcqracSo9XyMN1VeZLSVGb8RJJxVqab7UGbijoUijGPVFMjmqzyZIUw==
  /js-tokens/4.0.0:
    dev: true
    resolution:
      integrity: sha512-RdJUflcE3cUzKiMqQgsCu06FPu9UdIJO0beYbPhHN4k6apgJtifcoCtT9bcxOpYBtpD2kCM6Sbzg4CausW/PKQ==
  /loose-envify/1.4.0:
    dependencies:
      js-tokens: 4.0.0
    dev: true
    hasBin: true
    resolution:
      integrity: sha512-lyuxPGr/Wfhrlem2CL/UcnUc1zcqKAImBDzukY7Y5F/yQiNdko6+fRLevlw1HgMySw7f611UIY408EtxRSoK3Q==
  /path-parser/6.1.0:
    dependencies:
      search-params: 3.0.0
      tslib: 1.11.2
    dev: true
    resolution:
      integrity: sha512-nAB6J73z2rFcQP+870OHhpkHFj5kO4rPLc2Ol4Y3Ale7F6Hk1/cPKp7cQ8RznKF8FOSvu+YR9Xc6Gafk7DlpYA==
  /redux-devtools-extension/2.13.8_redux@4.0.5:
    dependencies:
      redux: 4.0.5
    dev: false
    optional: true
    peerDependencies:
      redux: ^3.1.0 || ^4.0.0
    resolution:
      integrity: sha512-8qlpooP2QqPtZHQZRhx3x3OP5skEV1py/zUdMY28WNAocbafxdG2tRD1MWE7sp8obGMNYuLWanhhQ7EQvT1FBg==
  /redux/4.0.5:
    dependencies:
      loose-envify: 1.4.0
      symbol-observable: 1.2.0
    dev: true
    resolution:
      integrity: sha512-VSz1uMAH24DM6MF72vcojpYPtrTUu3ByVWfPL1nPfVRb5mZVTve5GnNCUV53QM/BZ66xfWrm0CTWoM+Xlz8V1w==
  /route-node/4.1.1:
    dependencies:
      path-parser: 6.1.0
      search-params: 3.0.0
      tslib: 1.11.2
    dev: true
    resolution:
      integrity: sha512-bJVDVEQvXYqTC/LQ/2ohNZ2gPRO4+3ZvHeafuCyRZAd63qH17yspVfxOBzasE/t7SmSO30sT/yPSEMuPDGHhSQ==
  /router5-plugin-browser/8.0.1_router5@8.0.1:
    dependencies:
      router5: 8.0.1_router5@8.0.1
    dev: true
    peerDependencies:
      router5: ^8.0.0
    resolution:
      integrity: sha512-RuArnalkREtQj0ROD1RnITWwL+Fl8rbkFspDxRTt3aFG9k5bPOE0HfJRvGsd4TY9Je/kW3hvntvFXSx8Bl745w==
  /router5-transition-path/8.0.1_router5@8.0.1:
    dependencies:
      router5: 8.0.1_router5@8.0.1
    dev: true
    peerDependencies:
      router5: ^8.0.0
    resolution:
      integrity: sha512-l7MFEUmasEhe1emrO79t7BkCqQQRZdenz4c3qJmZpe8V6BCerZQR+SYbZL5zmQ3hazY7nR264jCWuNed+cMD2A==
  /router5/8.0.1_router5@8.0.1:
    dependencies:
      route-node: 4.1.1
      router5-transition-path: 8.0.1_router5@8.0.1
      symbol-observable: 1.2.0
    dev: true
    peerDependencies:
      router5: '*'
    resolution:
      integrity: sha512-LBLQAYd2ZI1FiiBqGf82oC+LRD0PUABrZqTzd6OmyK+t5N8wRs3hbIxeiy/9Zy+xI8Fdf/0WM68P41W6MH8pdQ==
  /search-params/3.0.0:
    dev: true
    resolution:
      integrity: sha512-8CYNl/bjkEhXWbDTU/K7c2jQtrnqEffIPyOLMqygW/7/b+ym8UtQumcAZjOfMLjZKR6AxK5tOr9fChbQZCzPqg==
  /symbol-observable/1.2.0:
    dev: true
    engines:
      node: '>=0.10.0'
    resolution:
      integrity: sha512-e900nM8RRtGhlV36KGEU9k65K3mPb1WV70OdjfxlG2EAuM1noi/E/BaW/uMhL7bPEssK8QV57vN3esixjUvcXQ==
  /tslib/1.11.2:
    dev: true
    resolution:
      integrity: sha512-tTSkux6IGPnUGUd1XAZHcpu85MOkIl5zX49pO+jfsie3eP0B6pyhOlLXm3cAC6T7s+euSDDUUV+Acop5WmtkVg==
  /typescript/3.7.4:
    dev: true
    engines:
      node: '>=4.2.0'
    hasBin: true
    resolution:
      integrity: sha512-A25xv5XCtarLwXpcDNZzCGvW2D1S3/bACratYBx2sax8PefsFhlYmkQicKHvpYflFS8if4zne5zT5kpJ7pzuvw==
specifiers:
  '@types/node': 11.13.19
  loose-envify: 1.4.0
  redux: 4.0.5
  redux-devtools-extension: '*'
  route-node: 4.1.1
  router5: 8.0.1
  router5-plugin-browser: 8.0.1
  router5-transition-path: 8.0.1
  symbol-observable: 1.2.0
  typescript: 3.7.4
