devDependencies:
  '@types/luxon': 1.24.0
  '@types/node': 11.13.19
  crc-32: 1.2.0
  reflect-metadata: 0.1.13
  rxjs: 6.5.5
lockfileVersion: 5.1
packages:
  /@types/luxon/1.24.0:
    dev: true
    resolution:
      integrity: sha512-OCTdVRQf/ge2ULlGqVKRI/HwyWoKpLV3ppLt6H27yzK/qdYNJ60Sz5tUxy3Jt1RD9K4Iz1tcDWPFJArBFZNAWQ==
  /@types/node/11.13.19:
    dev: true
    resolution:
      integrity: sha512-tLRDU1hmcWamtgRT2iVRdraAQVGFQGgtcqracSo9XyMN1VeZLSVGb8RJJxVqab7UGbijoUijGPVFMjmqzyZIUw==
  /crc-32/1.2.0:
    dependencies:
      exit-on-epipe: 1.0.1
      printj: 1.1.2
    dev: true
    engines:
      node: '>=0.8'
    hasBin: true
    resolution:
      integrity: sha512-1uBwHxF+Y/4yF5G48fwnKq6QsIXheor3ZLPT80yGBV1oEUwpPojlEhQbWKVw1VwcTQyMGHK1/XMmTjmlsmTTGA==
  /exit-on-epipe/1.0.1:
    dev: true
    engines:
      node: '>=0.8'
    resolution:
      integrity: sha512-h2z5mrROTxce56S+pnvAV890uu7ls7f1kEvVGJbw1OlFH3/mlJ5bkXu0KRyW94v37zzHPiUd55iLn3DA7TjWpw==
  /printj/1.1.2:
    dev: true
    engines:
      node: '>=0.8'
    hasBin: true
    resolution:
      integrity: sha512-zA2SmoLaxZyArQTOPj5LXecR+RagfPSU5Kw1qP+jkWeNlrq+eJZyY2oS68SU1Z/7/myXM4lo9716laOFAVStCQ==
  /reflect-metadata/0.1.13:
    dev: true
    resolution:
      integrity: sha512-Ts1Y/anZELhSsjMcU605fU9RE4Oi3p5ORujwbIKXfWa+0Zxs510Qrmrce5/Jowq3cHSZSJqBjypxmHarc+vEWg==
  /rxjs/6.5.5:
    dependencies:
      tslib: 1.11.2
    dev: true
    engines:
      npm: '>=2.0.0'
    resolution:
      integrity: sha512-WfQI+1gohdf0Dai/Bbmk5L5ItH5tYqm3ki2c5GdWhKjalzjg93N3avFjVStyZZz+A2Em+ZxKH5bNghw9UeylGQ==
  /tslib/1.11.2:
    dev: true
    resolution:
      integrity: sha512-tTSkux6IGPnUGUd1XAZHcpu85MOkIl5zX49pO+jfsie3eP0B6pyhOlLXm3cAC6T7s+euSDDUUV+Acop5WmtkVg==
specifiers:
  '@types/luxon': ^1.12.0
  '@types/node': 11.13.19
  crc-32: '*'
  reflect-metadata: ^0.1.13
  rxjs: ^6.5.2
