{
	"name": "@hypertype/ui",
	"version": "3.7.12",
	"lockfileVersion": 1,
	"requires": true,
	"dependencies": {
		"typescript": {
			"version": "4.1.6",
			"resolved": "https://registry.npmjs.org/typescript/-/typescript-4.1.6.tgz",
			"integrity": "sha512-pxnwLxeb/Z5SP80JDRzVjh58KsM6jZHRAOtTpS7sXLS4ogXNKC9ANxHHZqLLeVHZN35jCtI4JdmLLbLiC1kBow==",
			"dev": true
		}
	}
}
