# THIS IS AN AUTOGENERATED FILE. DO NOT EDIT THIS FILE DIRECTLY.
# yarn lockfile v1


"@hypertype/core@^1.2.2":
  version "1.2.2"
  resolved "https://registry.yarnpkg.com/@hypertype/core/-/core-1.2.2.tgz#1dc759d7f725113f6c0817c884cb2daac58a4f11"
  integrity sha512-r2G8qfi2ihBJBx6Kn0d+9SzTSdSkeE9ebjwfZCWLZyeciTA4n3wZGDa8AR8/8cZIKH1cq81NmgcR8RfOy72guA==
  dependencies:
    luxon "^1.11.1"
    pako "^1.0.8"
    rxjs "^6.4.0"

"@ungap/create-content@^0.1.4":
  version "0.1.4"
  resolved "https://registry.yarnpkg.com/@ungap/create-content/-/create-content-0.1.4.tgz#e30b40c527d40dbac598672fc2ad497f912b30c6"
  integrity sha512-YM6YQkF5wUxJlw5yDzEAzJfPK/kXR/GxIARx4NNJCInfx/nirHmy3ujPjfi7CaXjcVCwyfpv3vKQm6h762lbRA==

"@ungap/custom-event@^0.2.0":
  version "0.2.0"
  resolved "https://registry.yarnpkg.com/@ungap/custom-event/-/custom-event-0.2.0.tgz#0d200735806ba13f2cf1e8f8522b2a812e08947e"
  integrity sha512-jovJx+4IaAL8JAzepJXDBVlS9t9mR3vKbbjcHwHCF+sN0KKCYQ2pNVAlQYiRrPqeNBl5VXU7uUDOKBg9ODB+0Q==

"@ungap/essential-map@^0.1.7":
  version "0.1.7"
  resolved "https://registry.yarnpkg.com/@ungap/essential-map/-/essential-map-0.1.7.tgz#466b181c299f825b1d853901ee88f3ce302b7c71"
  integrity sha512-zkugZ6xxu0tHHTOfoce5B7ax2anIRP7hGIwKh5MEWH5mWPNXLigxEubkKv5WLUsFELCdKaMfjdqfI0H0/tLhpw==

"@ungap/essential-weakset@^0.1.2":
  version "0.1.2"
  resolved "https://registry.yarnpkg.com/@ungap/essential-weakset/-/essential-weakset-0.1.2.tgz#0d26af948306db5034659df911268ebfbea5e2b8"
  integrity sha512-Z7CBb/xr5V6wvdkdxKkDN0iUDz+EFfXW+O715VoWaDm1UiP+drx4U6S6aFhqYpKt0vTfbWHqrjdWj44B8q4A3A==

"@ungap/import-node@^0.1.0":
  version "0.1.0"
  resolved "https://registry.yarnpkg.com/@ungap/import-node/-/import-node-0.1.0.tgz#9ad7d3af37c2454504b2bd0b63580063c297d5f1"
  integrity sha512-FymNeJTWYNrZcnj7HFJwdaAZWrD1bUv8Na60RGIA142qtaRcOZs0KHGh+QSy7u7GNpW6wGnw9EdCQx4IYPE8cg==

"@ungap/is-array@^0.1.1":
  version "0.1.1"
  resolved "https://registry.yarnpkg.com/@ungap/is-array/-/is-array-0.1.1.tgz#0169cc0bbd6b8ac21e924dbbe1965da2c6850d23"
  integrity sha512-867tkp7LhJsOS3iULhhCluRV69bwyRQgBEwZSkm6VnZs8LFVD6VWFugiWc7Zgxwx4Psbrrou15u57n8YNIbKAQ==

"@ungap/template-literal@^0.1.3":
  version "0.1.3"
  resolved "https://registry.yarnpkg.com/@ungap/template-literal/-/template-literal-0.1.3.tgz#d2af47cb5c9c6920c55121d3bb74f67226f3326a"
  integrity sha512-Aq8rtiS7gl+Lr5gsJth4msma13U8jT8mvLcwl5ywuG78gYw0geS9LZHtukmoznSk4zeIQLsdHNbj8jGsyOi9NA==

"@ungap/template-tag-arguments@^0.1.1":
  version "0.1.1"
  resolved "https://registry.yarnpkg.com/@ungap/template-tag-arguments/-/template-tag-arguments-0.1.1.tgz#80ab9b4fd288b16e86cbc4db6f1ca6f3b7185d3e"
  integrity sha512-I65wDfgfLaqtCXATTQmudZ92Pp9rtM2+9uvsKP8JPiGoN+XsM7dM7NYWnYX8nt7DU/Z4qZNRwTib+xYPNuB10w==
  dependencies:
    "@ungap/template-literal" "^0.1.3"

"@ungap/trim@^0.1.1":
  version "0.1.1"
  resolved "https://registry.yarnpkg.com/@ungap/trim/-/trim-0.1.1.tgz#f956174af66689e64156ee0725f4a040f4b5a098"
  integrity sha512-f2jiPMFD8qmoNV5kxZ6RwSwmnloxtGUcG3W5Fbe9rC3vwXlPxWT0g5J0mN3+rM9C/u1p24gIVTSxNBPOtyu7Sw==

"@ungap/weakmap@^0.1.4":
  version "0.1.4"
  resolved "https://registry.yarnpkg.com/@ungap/weakmap/-/weakmap-0.1.4.tgz#7ca55d2cab02639686b2c90e58cf161b8a3c482d"
  integrity sha512-TO4TTwlQXdjHKoWgKxsMqApnOV8JruaNilqOg0I04MTYb5+fj9taIVijS4ILwWg0ytQY5DwTKzPWj+0G+7bsXw==

disconnected@^0.1.6:
  version "0.1.6"
  resolved "https://registry.yarnpkg.com/disconnected/-/disconnected-0.1.6.tgz#8c964f5582e5b5b2162b1a37affbdf3554234b9d"
  integrity sha512-HU7IB9cbQT+ltplB1x5NnEu9g8qHzSRfRw00EPTQKyGpih+MdfCz3bOnczHjtoYWrP6h4cX6e+dJhxJTpTYiMQ==

domdiff@^2.0.3:
  version "2.0.3"
  resolved "https://registry.yarnpkg.com/domdiff/-/domdiff-2.0.3.tgz#064dd9109cb0fffeb361f17965277c467347cdde"
  integrity sha512-De9vNvWnTIhvNs95ZShYY7Bk8dBa4sQ5KS0evKqF5t5f0sywYiw3OmhDbPONoHDZ33toaZOFerZH/qsjeXCm0g==
  dependencies:
    "@ungap/essential-map" "^0.1.7"

domtagger@^0.2.3:
  version "0.2.3"
  resolved "https://registry.yarnpkg.com/domtagger/-/domtagger-0.2.3.tgz#2f4065c7cf5a17152fa5fc0c371b37fe65cc4cd7"
  integrity sha512-rEJNe3JqS7tth78ysOGvl2hMQKx9jABjsF76T6MRYjEnzbzLXZsJmTMrreUtybIw4TwRDRkT8UeP854omaiTkA==
  dependencies:
    "@ungap/create-content" "^0.1.4"
    "@ungap/essential-map" "^0.1.7"
    "@ungap/import-node" "^0.1.0"
    "@ungap/trim" "^0.1.1"
    "@ungap/weakmap" "^0.1.4"

hyperhtml-element@^3.6.0:
  version "3.6.0"
  resolved "https://registry.yarnpkg.com/hyperhtml-element/-/hyperhtml-element-3.6.0.tgz#3517104ce411243af52748ae5dc668c4c5ba98bb"
  integrity sha512-irl83pyGFbV0cV/3biKZJuxPXNsexpY0ypr6zE1AnevCvfHcIGqbLiRrK/5BxUzaTXS4V0Knru7HK/N4Z/JFfQ==
  dependencies:
    hyperhtml "^2.25.4"

hyperhtml-style@^0.1.2:
  version "0.1.2"
  resolved "https://registry.yarnpkg.com/hyperhtml-style/-/hyperhtml-style-0.1.2.tgz#c7a7904656a95575d5afdd06ac96bb4d757e0197"
  integrity sha512-ZDRYNClEaqUS0a8RAED0nQRqWmZk7ctdyij3Iw/PqUUef6xhYO87nx9vJNuxg7Yc6J2FdJjXRKbB0iud2ZyzwQ==

hyperhtml-wire@^2.1.0:
  version "2.1.0"
  resolved "https://registry.yarnpkg.com/hyperhtml-wire/-/hyperhtml-wire-2.1.0.tgz#d4684b7a52c733e9b8df823275f6e5dd1cdc6039"
  integrity sha512-LqFs/MgvxyMVM8O3Fx7QcCDWWkga3JeMA7C1inHM71PIchupSyj2u/zG8Blw+KfJHIFmEsx09KxOrgykGqoopQ==

hyperhtml@^2.25.4:
  version "2.25.4"
  resolved "https://registry.yarnpkg.com/hyperhtml/-/hyperhtml-2.25.4.tgz#3c9d04c9eaf54ffeede31c1f39fd2b4dc4077c3f"
  integrity sha512-x6Gnakk6Bnpuo1bzW8/Rh/LTNtWdupGSDZUHqbpNDkkSjnoTV5VrXflgqEf4MIQhvBoUpzoONMHkz64Ckunp0A==
  dependencies:
    "@ungap/create-content" "^0.1.4"
    "@ungap/custom-event" "^0.2.0"
    "@ungap/essential-map" "^0.1.7"
    "@ungap/essential-weakset" "^0.1.2"
    "@ungap/is-array" "^0.1.1"
    "@ungap/template-tag-arguments" "^0.1.1"
    "@ungap/weakmap" "^0.1.4"
    disconnected "^0.1.6"
    domdiff "^2.0.3"
    domtagger "^0.2.3"
    hyperhtml-style "^0.1.2"
    hyperhtml-wire "^2.1.0"
    lightercollective "^0.2.0"

lightercollective@^0.2.0:
  version "0.2.0"
  resolved "https://registry.yarnpkg.com/lightercollective/-/lightercollective-0.2.0.tgz#4f10cd53ec50405d7da03ee81233067993ca8e67"
  integrity sha512-zgFCDiUQQOjislj+1tX7zDxZbgVB6Qi9BSmos41oZcxHdkTveVDzHW0Y3TisNZCWuBN1h0e0xrjkNoLtPkLsUg==

luxon@^1.11.1:
  version "1.11.2"
  resolved "https://registry.yarnpkg.com/luxon/-/luxon-1.11.2.tgz#0073566e8b6f493d68891c6b871dd72196547c24"
  integrity sha512-dD6sJotzprPhqJAp9eZbc1y1cc0CMiwRabsaEfFBJT2lRkWdOqJe3QmxB8GNwjOHZ6fciuGiLK3htgxZgphGxA==

pako@^1.0.8:
  version "1.0.8"
  resolved "https://registry.yarnpkg.com/pako/-/pako-1.0.8.tgz#6844890aab9c635af868ad5fecc62e8acbba3ea4"
  integrity sha512-6i0HVbUfcKaTv+EG8ZTr75az7GFXcLYk9UyLEg7Notv/Ma+z/UG3TCoz6GiNeOrn1E/e63I0X/Hpw18jHOTUnA==

rxjs@^6.4.0:
  version "6.4.0"
  resolved "https://registry.yarnpkg.com/rxjs/-/rxjs-6.4.0.tgz#f3bb0fe7bda7fb69deac0c16f17b50b0b8790504"
  integrity sha512-Z9Yfa11F6B9Sg/BK9MnqnQ+aQYicPLtilXBp2yUtDt2JRCE0h26d33EnfO3ZxoNxG0T92OUucP3Ct7cpfkdFfw==
  dependencies:
    tslib "^1.9.0"

tslib@^1.9.0:
  version "1.9.3"
  resolved "https://registry.yarnpkg.com/tslib/-/tslib-1.9.3.tgz#d7e4dd79245d85428c4d7e4822a79917954ca286"
  integrity sha512-4krF8scpejhaOgqzBEcGM7yDIEfi0/8+8zDRZhNZZ2kjmHJ4hv3zCbQWxoJGz1iw5U0Jl0nma13xzHXcncMavQ==
